
Microsoft Visual Studio Solution File, Format Version 12.00
# Visual Studio 15
VisualStudioVersion = 15.0.28307.1022
MinimumVisualStudioVersion = 10.0.40219.1
Project("{FAE04EC0-301F-11D3-BF4B-00C04F79EFBC}") = "PipelineTest", "PipelineTest\PipelineTest.csproj", "{975D9825-3634-4DE9-8FD0-9C1D10C878A5}"
EndProject
Global
	GlobalSection(SolutionConfigurationPlatforms) = preSolution
		Debug|Any CPU = Debug|Any CPU
		Release|Any CPU = Release|Any CPU
	EndGlobalSection
	GlobalSection(ProjectConfigurationPlatforms) = postSolution
		{975D9825-3634-4DE9-8FD0-9C1D10C878A5}.Debug|Any CPU.ActiveCfg = Debug|Any CPU
		{975D9825-3634-4DE9-8FD0-9C1D10C878A5}.Debug|Any CPU.Build.0 = Debug|Any CPU
		{975D9825-3634-4DE9-8FD0-9C1D10C878A5}.Release|Any CPU.ActiveCfg = Release|Any CPU
		{975D9825-3634-4DE9-8FD0-9C1D10C878A5}.Release|Any CPU.Build.0 = Release|Any CPU
	EndGlobalSection
	GlobalSection(SolutionProperties) = preSolution
		HideSolutionNode = FALSE
	EndGlobalSection
	GlobalSection(ExtensibilityGlobals) = postSolution
		SolutionGuid = {6D2E1264-C290-4105-A51A-FE7FC98DCEF7}
	EndGlobalSection
EndGlobal
